// !$*UTF8*$!
{
	archiveVersion = 1;
	classes = {
	};
	objectVersion = 50;
	objects = {

/* Begin PBXBuildFile section */
		0467468B260C532800B396CB /* AppDelegate.swift in Sources */ = {isa = PBXBuildFile; fileRef = 0467468A260C532800B396CB /* AppDelegate.swift */; };
		0467468D260C532800B396CB /* SceneDelegate.swift in Sources */ = {isa = PBXBuildFile; fileRef = 0467468C260C532800B396CB /* SceneDelegate.swift */; };
		0467468F260C532800B396CB /* ContentView.swift in Sources */ = {isa = PBXBuildFile; fileRef = 0467468E260C532800B396CB /* ContentView.swift */; };
		04674691260C532B00B396CB /* Assets.xcassets in Resources */ = {isa = PBXBuildFile; fileRef = 04674690260C532B00B396CB /* Assets.xcassets */; };
		04674694260C532B00B396CB /* Preview Assets.xcassets in Resources */ = {isa = PBXBuildFile; fileRef = 04674693260C532B00B396CB /* Preview Assets.xcassets */; };
		04674697260C532B00B396CB /* LaunchScreen.storyboard in Resources */ = {isa = PBXBuildFile; fileRef = 04674695260C532B00B396CB /* LaunchScreen.storyboard */; };
		046746A2260C538300B396CB /* LoginView.swift in Sources */ = {isa = PBXBuildFile; fileRef = 046746A1260C538300B396CB /* LoginView.swift */; };
		046746A6260C539900B396CB /* SignupCustomer.swift in Sources */ = {isa = PBXBuildFile; fileRef = 046746A5260C539900B396CB /* SignupCustomer.swift */; };
		046746A9260C53AC00B396CB /* SignupProvider.swift in Sources */ = {isa = PBXBuildFile; fileRef = 046746A8260C53AC00B396CB /* SignupProvider.swift */; };
		046746AC260C543200B396CB /* GoogleService-Info.plist in Resources */ = {isa = PBXBuildFile; fileRef = 046746AB260C543200B396CB /* GoogleService-Info.plist */; };
/* End PBXBuildFile section */

/* Begin PBXFileReference section */
		04674687260C532800B396CB /* WeProvide.app */ = {isa = PBXFileReference; explicitFileType = wrapper.application; includeInIndex = 0; path = WeProvide.app; sourceTree = BUILT_PRODUCTS_DIR; };
		0467468A260C532800B396CB /* AppDelegate.swift */ = {isa = PBXFileReference; lastKnownFileType = sourcecode.swift; path = AppDelegate.swift; sourceTree = "<group>"; };
		0467468C260C532800B396CB /* SceneDelegate.swift */ = {isa = PBXFileReference; lastKnownFileType = sourcecode.swift; path = SceneDelegate.swift; sourceTree = "<group>"; };
		0467468E260C532800B396CB /* ContentView.swift */ = {isa = PBXFileReference; lastKnownFileType = sourcecode.swift; path = ContentView.swift; sourceTree = "<group>"; };
		04674690260C532B00B396CB /* Assets.xcassets */ = {isa = PBXFileReference; lastKnownFileType = folder.assetcatalog; path = Assets.xcassets; sourceTree = "<group>"; };
		04674693260C532B00B396CB /* Preview Assets.xcassets */ = {isa = PBXFileReference; lastKnownFileType = folder.assetcatalog; path = "Preview Assets.xcassets"; sourceTree = "<group>"; };
		04674696260C532B00B396CB /* Base */ = {isa = PBXFileReference; lastKnownFileType = file.storyboard; name = Base; path = Base.lproj/LaunchScreen.storyboard; sourceTree = "<group>"; };
		04674698260C532B00B396CB /* Info.plist */ = {isa = PBXFileReference; lastKnownFileType = text.plist.xml; path = Info.plist; sourceTree = "<group>"; };
		046746A1260C538300B396CB /* LoginView.swift */ = {isa = PBXFileReference; lastKnownFileType = sourcecode.swift; path = LoginView.swift; sourceTree = "<group>"; };
		046746A5260C539900B396CB /* SignupCustomer.swift */ = {isa = PBXFileReference; lastKnownFileType = sourcecode.swift; path = SignupCustomer.swift; sourceTree = "<group>"; };
		046746A8260C53AC00B396CB /* SignupProvider.swift */ = {isa = PBXFileReference; lastKnownFileType = sourcecode.swift; path = SignupProvider.swift; sourceTree = "<group>"; };
		046746AB260C543200B396CB /* GoogleService-Info.plist */ = {isa = PBXFileReference; fileEncoding = 4; lastKnownFileType = text.plist.xml; path = "GoogleService-Info.plist"; sourceTree = "<group>"; };
/* End PBXFileReference section */

/* Begin PBXFrameworksBuildPhase section */
		04674684260C532800B396CB /* Frameworks */ = {
			isa = PBXFrameworksBuildPhase;
			buildActionMask = 2147483647;
			files = (
			);
			runOnlyForDeploymentPostprocessing = 0;
		};
/* End PBXFrameworksBuildPhase section */

/* Begin PBXGroup section */
		0467467E260C532800B396CB = {
			isa = PBXGroup;
			children = (
				04674689260C532800B396CB /* WeProvide */,
				04674688260C532800B396CB /* Products */,
			);
			sourceTree = "<group>";
		};
		04674688260C532800B396CB /* Products */ = {
			isa = PBXGroup;
			children = (
				04674687260C532800B396CB /* WeProvide.app */,
			);
			name = Products;
			sourceTree = "<group>";
		};
		04674689260C532800B396CB /* WeProvide */ = {
			isa = PBXGroup;
			children = (
				0467469F260C535E00B396CB /* Views */,
				0467468A260C532800B396CB /* AppDelegate.swift */,
				0467468C260C532800B396CB /* SceneDelegate.swift */,
				04674690260C532B00B396CB /* Assets.xcassets */,
				04674695260C532B00B396CB /* LaunchScreen.storyboard */,
				046746AB260C543200B396CB /* GoogleService-Info.plist */,
				04674698260C532B00B396CB /* Info.plist */,
				04674692260C532B00B396CB /* Preview Content */,
			);
			path = WeProvide;
			sourceTree = "<group>";
		};
		04674692260C532B00B396CB /* Preview Content */ = {
			isa = PBXGroup;
			children = (
				04674693260C532B00B396CB /* Preview Assets.xcassets */,
			);
			path = "Preview Content";
			sourceTree = "<group>";
		};
		0467469F260C535E00B396CB /* Views */ = {
			isa = PBXGroup;
			children = (
				046746A0260C536D00B396CB /* Authentication */,
				0467468E260C532800B396CB /* ContentView.swift */,
			);
			path = Views;
			sourceTree = "<group>";
		};
		046746A0260C536D00B396CB /* Authentication */ = {
			isa = PBXGroup;
			children = (
				046746A1260C538300B396CB /* LoginView.swift */,
				046746A5260C539900B396CB /* SignupCustomer.swift */,
				046746A8260C53AC00B396CB /* SignupProvider.swift */,
			);
			path = Authentication;
			sourceTree = "<group>";
		};
/* End PBXGroup section */

/* Begin PBXNativeTarget section */
		04674686260C532800B396CB /* WeProvide */ = {
			isa = PBXNativeTarget;
			buildConfigurationList = 0467469B260C532B00B396CB /* Build configuration list for PBXNativeTarget "WeProvide" */;
			buildPhases = (
				04674683260C532800B396CB /* Sources */,
				04674684260C532800B396CB /* Frameworks */,
				04674685260C532800B396CB /* Resources */,
			);
			buildRules = (
			);
			dependencies = (
			);
			name = WeProvide;
			productName = WeProvide;
			productReference = 04674687260C532800B396CB /* WeProvide.app */;
			productType = "com.apple.product-type.application";
		};
/* End PBXNativeTarget section */

/* Begin PBXProject section */
		0467467F260C532800B396CB /* Project object */ = {
			isa = PBXProject;
			attributes = {
				LastSwiftUpdateCheck = 1240;
				LastUpgradeCheck = 1240;
				TargetAttributes = {
					04674686260C532800B396CB = {
						CreatedOnToolsVersion = 12.4;
					};
				};
			};
			buildConfigurationList = 04674682260C532800B396CB /* Build configuration list for PBXProject "WeProvide" */;
			compatibilityVersion = "Xcode 9.3";
			developmentRegion = en;
			hasScannedForEncodings = 0;
			knownRegions = (
				en,
				Base,
			);
			mainGroup = 0467467E260C532800B396CB;
			productRefGroup = 04674688260C532800B396CB /* Products */;
			projectDirPath = "";
			projectRoot = "";
			targets = (
				04674686260C532800B396CB /* WeProvide */,
			);
		};
/* End PBXProject section */

/* Begin PBXResourcesBuildPhase section */
		04674685260C532800B396CB /* Resources */ = {
			isa = PBXResourcesBuildPhase;
			buildActionMask = 2147483647;
			files = (
				04674697260C532B00B396CB /* LaunchScreen.storyboard in Resources */,
				046746AC260C543200B396CB /* GoogleService-Info.plist in Resources */,
				04674694260C532B00B396CB /* Preview Assets.xcassets in Resources */,
				04674691260C532B00B396CB /* Assets.xcassets in Resources */,
			);
			runOnlyForDeploymentPostprocessing = 0;
		};
/* End PBXResourcesBuildPhase section */

/* Begin PBXSourcesBuildPhase section */
		04674683260C532800B396CB /* Sources */ = {
			isa = PBXSourcesBuildPhase;
			buildActionMask = 2147483647;
			files = (
				046746A6260C539900B396CB /* SignupCustomer.swift in Sources */,
				0467468B260C532800B396CB /* AppDelegate.swift in Sources */,
				046746A9260C53AC00B396CB /* SignupProvider.swift in Sources */,
				0467468D260C532800B396CB /* SceneDelegate.swift in Sources */,
				046746A2260C538300B396CB /* LoginView.swift in Sources */,
				0467468F260C532800B396CB /* ContentView.swift in Sources */,
			);
			runOnlyForDeploymentPostprocessing = 0;
		};
/* End PBXSourcesBuildPhase section */

/* Begin PBXVariantGroup section */
		04674695260C532B00B396CB /* LaunchScreen.storyboard */ = {
			isa = PBXVariantGroup;
			children = (
				04674696260C532B00B396CB /* Base */,
			);
			name = LaunchScreen.storyboard;
			sourceTree = "<group>";
		};
/* End PBXVariantGroup section */

/* Begin XCBuildConfiguration section */
		04674699260C532B00B396CB /* Debug */ = {
			isa = XCBuildConfiguration;
			buildSettings = {
				ALWAYS_SEARCH_USER_PATHS = NO;
				CLANG_ANALYZER_NONNULL = YES;
				CLANG_ANALYZER_NUMBER_OBJECT_CONVERSION = YES_AGGRESSIVE;
				CLANG_CXX_LANGUAGE_STANDARD = "gnu++14";
				CLANG_CXX_LIBRARY = "libc++";
				CLANG_ENABLE_MODULES = YES;
				CLANG_ENABLE_OBJC_ARC = YES;
				CLANG_ENABLE_OBJC_WEAK = YES;
				CLANG_WARN_BLOCK_CAPTURE_AUTORELEASING = YES;
				CLANG_WARN_BOOL_CONVERSION = YES;
				CLANG_WARN_COMMA = YES;
				CLANG_WARN_CONSTANT_CONVERSION = YES;
				CLANG_WARN_DEPRECATED_OBJC_IMPLEMENTATIONS = YES;
				CLANG_WARN_DIRECT_OBJC_ISA_USAGE = YES_ERROR;
				CLANG_WARN_DOCUMENTATION_COMMENTS = YES;
				CLANG_WARN_EMPTY_BODY = YES;
				CLANG_WARN_ENUM_CONVERSION = YES;
				CLANG_WARN_INFINITE_RECURSION = YES;
				CLANG_WARN_INT_CONVERSION = YES;
				CLANG_WARN_NON_LITERAL_NULL_CONVERSION = YES;
				CLANG_WARN_OBJC_IMPLICIT_RETAIN_SELF = YES;
				CLANG_WARN_OBJC_LITERAL_CONVERSION = YES;
				CLANG_WARN_OBJC_ROOT_CLASS = YES_ERROR;
				CLANG_WARN_QUOTED_INCLUDE_IN_FRAMEWORK_HEADER = YES;
				CLANG_WARN_RANGE_LOOP_ANALYSIS = YES;
				CLANG_WARN_STRICT_PROTOTYPES = YES;
				CLANG_WARN_SUSPICIOUS_MOVE = YES;
				CLANG_WARN_UNGUARDED_AVAILABILITY = YES_AGGRESSIVE;
				CLANG_WARN_UNREACHABLE_CODE = YES;
				CLANG_WARN__DUPLICATE_METHOD_MATCH = YES;
				COPY_PHASE_STRIP = NO;
				DEBUG_INFORMATION_FORMAT = dwarf;
				ENABLE_STRICT_OBJC_MSGSEND = YES;
				ENABLE_TESTABILITY = YES;
				GCC_C_LANGUAGE_STANDARD = gnu11;
				GCC_DYNAMIC_NO_PIC = NO;
				GCC_NO_COMMON_BLOCKS = YES;
				GCC_OPTIMIZATION_LEVEL = 0;
				GCC_PREPROCESSOR_DEFINITIONS = (
					"DEBUG=1",
					"$(inherited)",
				);
				GCC_WARN_64_TO_32_BIT_CONVERSION = YES;
				GCC_WARN_ABOUT_RETURN_TYPE = YES_ERROR;
				GCC_WARN_UNDECLARED_SELECTOR = YES;
				GCC_WARN_UNINITIALIZED_AUTOS = YES_AGGRESSIVE;
				GCC_WARN_UNUSED_FUNCTION = YES;
				GCC_WARN_UNUSED_VARIABLE = YES;
				IPHONEOS_DEPLOYMENT_TARGET = 14.4;
				MTL_ENABLE_DEBUG_INFO = INCLUDE_SOURCE;
				MTL_FAST_MATH = YES;
				ONLY_ACTIVE_ARCH = YES;
				SDKROOT = iphoneos;
				SWIFT_ACTIVE_COMPILATION_CONDITIONS = DEBUG;
				SWIFT_OPTIMIZATION_LEVEL = "-Onone";
			};
			name = Debug;
		};
		0467469A260C532B00B396CB /* Release */ = {
			isa = XCBuildConfiguration;
			buildSettings = {
				ALWAYS_SEARCH_USER_PATHS = NO;
				CLANG_ANALYZER_NONNULL = YES;
				CLANG_ANALYZER_NUMBER_OBJECT_CONVERSION = YES_AGGRESSIVE;
				CLANG_CXX_LANGUAGE_STANDARD = "gnu++14";
				CLANG_CXX_LIBRARY = "libc++";
				CLANG_ENABLE_MODULES = YES;
				CLANG_ENABLE_OBJC_ARC = YES;
				CLANG_ENABLE_OBJC_WEAK = YES;
				CLANG_WARN_BLOCK_CAPTURE_AUTORELEASING = YES;
				CLANG_WARN_BOOL_CONVERSION = YES;
				CLANG_WARN_COMMA = YES;
				CLANG_WARN_CONSTANT_CONVERSION = YES;
				CLANG_WARN_DEPRECATED_OBJC_IMPLEMENTATIONS = YES;
				CLANG_WARN_DIRECT_OBJC_ISA_USAGE = YES_ERROR;
				CLANG_WARN_DOCUMENTATION_COMMENTS = YES;
				CLANG_WARN_EMPTY_BODY = YES;
				CLANG_WARN_ENUM_CONVERSION = YES;
				CLANG_WARN_INFINITE_RECURSION = YES;
				CLANG_WARN_INT_CONVERSION = YES;
				CLANG_WARN_NON_LITERAL_NULL_CONVERSION = YES;
				CLANG_WARN_OBJC_IMPLICIT_RETAIN_SELF = YES;
				CLANG_WARN_OBJC_LITERAL_CONVERSION = YES;
				CLANG_WARN_OBJC_ROOT_CLASS = YES_ERROR;
				CLANG_WARN_QUOTED_INCLUDE_IN_FRAMEWORK_HEADER = YES;
				CLANG_WARN_RANGE_LOOP_ANALYSIS = YES;
				CLANG_WARN_STRICT_PROTOTYPES = YES;
				CLANG_WARN_SUSPICIOUS_MOVE = YES;
				CLANG_WARN_UNGUARDED_AVAILABILITY = YES_AGGRESSIVE;
				CLANG_WARN_UNREACHABLE_CODE = YES;
				CLANG_WARN__DUPLICATE_METHOD_MATCH = YES;
				COPY_PHASE_STRIP = NO;
				DEBUG_INFORMATION_FORMAT = "dwarf-with-dsym";
				ENABLE_NS_ASSERTIONS = NO;
				ENABLE_STRICT_OBJC_MSGSEND = YES;
				GCC_C_LANGUAGE_STANDARD = gnu11;
				GCC_NO_COMMON_BLOCKS = YES;
				GCC_WARN_64_TO_32_BIT_CONVERSION = YES;
				GCC_WARN_ABOUT_RETURN_TYPE = YES_ERROR;
				GCC_WARN_UNDECLARED_SELECTOR = YES;
				GCC_WARN_UNINITIALIZED_AUTOS = YES_AGGRESSIVE;
				GCC_WARN_UNUSED_FUNCTION = YES;
				GCC_WARN_UNUSED_VARIABLE = YES;
				IPHONEOS_DEPLOYMENT_TARGET = 14.4;
				MTL_ENABLE_DEBUG_INFO = NO;
				MTL_FAST_MATH = YES;
				SDKROOT = iphoneos;
				SWIFT_COMPILATION_MODE = wholemodule;
				SWIFT_OPTIMIZATION_LEVEL = "-O";
				VALIDATE_PRODUCT = YES;
			};
			name = Release;
		};
		0467469C260C532B00B396CB /* Debug */ = {
			isa = XCBuildConfiguration;
			buildSettings = {
				ASSETCATALOG_COMPILER_APPICON_NAME = AppIcon;
				ASSETCATALOG_COMPILER_GLOBAL_ACCENT_COLOR_NAME = AccentColor;
				CODE_SIGN_STYLE = Automatic;
				DEVELOPMENT_ASSET_PATHS = "\"WeProvide/Preview Content\"";
				ENABLE_PREVIEWS = YES;
				INFOPLIST_FILE = WeProvide/Info.plist;
				LD_RUNPATH_SEARCH_PATHS = (
					"$(inherited)",
					"@executable_path/Frameworks",
				);
				PRODUCT_BUNDLE_IDENTIFIER = mihir.WeProvide;
				PRODUCT_NAME = "$(TARGET_NAME)";
				SWIFT_VERSION = 5.0;
				TARGETED_DEVICE_FAMILY = "1,2";
			};
			name = Debug;
		};
		0467469D260C532B00B396CB /* Release */ = {
			isa = XCBuildConfiguration;
			buildSettings = {
				ASSETCATALOG_COMPILER_APPICON_NAME = AppIcon;
				ASSETCATALOG_COMPILER_GLOBAL_ACCENT_COLOR_NAME = AccentColor;
				CODE_SIGN_STYLE = Automatic;
				DEVELOPMENT_ASSET_PATHS = "\"WeProvide/Preview Content\"";
				ENABLE_PREVIEWS = YES;
				INFOPLIST_FILE = WeProvide/Info.plist;
				LD_RUNPATH_SEARCH_PATHS = (
					"$(inherited)",
					"@executable_path/Frameworks",
				);
				PRODUCT_BUNDLE_IDENTIFIER = mihir.WeProvide;
				PRODUCT_NAME = "$(TARGET_NAME)";
				SWIFT_VERSION = 5.0;
				TARGETED_DEVICE_FAMILY = "1,2";
			};
			name = Release;
		};
/* End XCBuildConfiguration section */

/* Begin XCConfigurationList section */
		04674682260C532800B396CB /* Build configuration list for PBXProject "WeProvide" */ = {
			isa = XCConfigurationList;
			buildConfigurations = (
				04674699260C532B00B396CB /* Debug */,
				0467469A260C532B00B396CB /* Release */,
			);
			defaultConfigurationIsVisible = 0;
			defaultConfigurationName = Release;
		};
		0467469B260C532B00B396CB /* Build configuration list for PBXNativeTarget "WeProvide" */ = {
			isa = XCConfigurationList;
			buildConfigurations = (
				0467469C260C532B00B396CB /* Debug */,
				0467469D260C532B00B396CB /* Release */,
			);
			defaultConfigurationIsVisible = 0;
			defaultConfigurationName = Release;
		};
/* End XCConfigurationList section */
	};
	rootObject = 0467467F260C532800B396CB /* Project object */;
}
