// !$*UTF8*$!
{
	archiveVersion = 1;
	classes = {
	};
	objectVersion = 51;
	objects = {

/* Begin PBXBuildFile section */
		0467468B260C532800B396CB /* AppDelegate.swift in Sources */ = {isa = PBXBuildFile; fileRef = 0467468A260C532800B396CB /* AppDelegate.swift */; };
		0467468D260C532800B396CB /* SceneDelegate.swift in Sources */ = {isa = PBXBuildFile; fileRef = 0467468C260C532800B396CB /* SceneDelegate.swift */; };
		0467468F260C532800B396CB /* ContentView.swift in Sources */ = {isa = PBXBuildFile; fileRef = 0467468E260C532800B396CB /* ContentView.swift */; };
		04674691260C532B00B396CB /* Assets.xcassets in Resources */ = {isa = PBXBuildFile; fileRef = 04674690260C532B00B396CB /* Assets.xcassets */; };
		04674694260C532B00B396CB /* Preview Assets.xcassets in Resources */ = {isa = PBXBuildFile; fileRef = 04674693260C532B00B396CB /* Preview Assets.xcassets */; };
		04674697260C532B00B396CB /* LaunchScreen.storyboard in Resources */ = {isa = PBXBuildFile; fileRef = 04674695260C532B00B396CB /* LaunchScreen.storyboard */; };
		046746A2260C538300B396CB /* LoginView.swift in Sources */ = {isa = PBXBuildFile; fileRef = 046746A1260C538300B396CB /* LoginView.swift */; };
		046746A6260C539900B396CB /* SignupCustomer.swift in Sources */ = {isa = PBXBuildFile; fileRef = 046746A5260C539900B396CB /* SignupCustomer.swift */; };
		046746A9260C53AC00B396CB /* SignupProvider.swift in Sources */ = {isa = PBXBuildFile; fileRef = 046746A8260C53AC00B396CB /* SignupProvider.swift */; };
		0486C0B4260C5BC200BA6DFE /* GoogleService-Info.plist in Resources */ = {isa = PBXBuildFile; fileRef = 0486C0B3260C5BC200BA6DFE /* GoogleService-Info.plist */; };
		0486C0B8260C5C4C00BA6DFE /* CustomTextField.swift in Sources */ = {isa = PBXBuildFile; fileRef = 0486C0B7260C5C4C00BA6DFE /* CustomTextField.swift */; };
		0486C0BB260C640A00BA6DFE /* CustomPasswordField.swift in Sources */ = {isa = PBXBuildFile; fileRef = 0486C0BA260C640A00BA6DFE /* CustomPasswordField.swift */; };
		04AC5930261515BC00D4B78B /* ImagePicker.swift in Sources */ = {isa = PBXBuildFile; fileRef = 04AC592F261515BC00D4B78B /* ImagePicker.swift */; };
		04AC59502615294E00D4B78B /* AuthModel.swift in Sources */ = {isa = PBXBuildFile; fileRef = 04AC594F2615294E00D4B78B /* AuthModel.swift */; };
		04AC5954261566B400D4B78B /* FeedView.swift in Sources */ = {isa = PBXBuildFile; fileRef = 04AC5953261566B400D4B78B /* FeedView.swift */; };
		04AC5959261663F900D4B78B /* ProviderListView.swift in Sources */ = {isa = PBXBuildFile; fileRef = 04AC5958261663F900D4B78B /* ProviderListView.swift */; };
		04AC595C2616685500D4B78B /* ListCell.swift in Sources */ = {isa = PBXBuildFile; fileRef = 04AC595B2616685500D4B78B /* ListCell.swift */; };
		04AC595F2616861D00D4B78B /* UserProfile.swift in Sources */ = {isa = PBXBuildFile; fileRef = 04AC595E2616861C00D4B78B /* UserProfile.swift */; };
		04AC596326168A1C00D4B78B /* User.swift in Sources */ = {isa = PBXBuildFile; fileRef = 04AC596226168A1C00D4B78B /* User.swift */; };
		04AC597F261FC28D00D4B78B /* Quote.swift in Sources */ = {isa = PBXBuildFile; fileRef = 04AC597E261FC28D00D4B78B /* Quote.swift */; };
		04AC5983262663AA00D4B78B /* SelectUserType.swift in Sources */ = {isa = PBXBuildFile; fileRef = 04AC5982262663AA00D4B78B /* SelectUserType.swift */; };
		04F1DB66262917D5009ADAE5 /* CustomCheckBox.swift in Sources */ = {isa = PBXBuildFile; fileRef = 04F1DB65262917D5009ADAE5 /* CustomCheckBox.swift */; };
		04F1DB6A26292178009ADAE5 /* TestCheckbox.swift in Sources */ = {isa = PBXBuildFile; fileRef = 04F1DB6926292178009ADAE5 /* TestCheckbox.swift */; };
		04F1DB6E2631D54B009ADAE5 /* ConversationView.swift in Sources */ = {isa = PBXBuildFile; fileRef = 04F1DB6D2631D54B009ADAE5 /* ConversationView.swift */; };
		04F1DB722631D558009ADAE5 /* ConversationCell.swift in Sources */ = {isa = PBXBuildFile; fileRef = 04F1DB712631D558009ADAE5 /* ConversationCell.swift */; };
		04F1DB752631FDB3009ADAE5 /* SearchView.swift in Sources */ = {isa = PBXBuildFile; fileRef = 04F1DB742631FDB3009ADAE5 /* SearchView.swift */; };
		04F1DB782631FDCD009ADAE5 /* SearchBar.swift in Sources */ = {isa = PBXBuildFile; fileRef = 04F1DB772631FDCD009ADAE5 /* SearchBar.swift */; };
		04F1DB7B26320674009ADAE5 /* UserCell.swift in Sources */ = {isa = PBXBuildFile; fileRef = 04F1DB7A26320674009ADAE5 /* UserCell.swift */; };
		04F1DB7E26320E1E009ADAE5 /* MessageInputView.swift in Sources */ = {isa = PBXBuildFile; fileRef = 04F1DB7D26320E1E009ADAE5 /* MessageInputView.swift */; };
		04F1DB8126321595009ADAE5 /* ChatView.swift in Sources */ = {isa = PBXBuildFile; fileRef = 04F1DB8026321595009ADAE5 /* ChatView.swift */; };
		04F1DB8426321762009ADAE5 /* ChatBubble.swift in Sources */ = {isa = PBXBuildFile; fileRef = 04F1DB8326321762009ADAE5 /* ChatBubble.swift */; };
		04F1DB872632192E009ADAE5 /* Message.swift in Sources */ = {isa = PBXBuildFile; fileRef = 04F1DB862632192E009ADAE5 /* Message.swift */; };
		04F1DB8A26324721009ADAE5 /* MessageView.swift in Sources */ = {isa = PBXBuildFile; fileRef = 04F1DB8926324721009ADAE5 /* MessageView.swift */; };
		04F1DB8D2632487F009ADAE5 /* NewMessageView.swift in Sources */ = {isa = PBXBuildFile; fileRef = 04F1DB8C2632487F009ADAE5 /* NewMessageView.swift */; };
		04F1DB9026329D5A009ADAE5 /* FeedProviderView.swift in Sources */ = {isa = PBXBuildFile; fileRef = 04F1DB8F26329D5A009ADAE5 /* FeedProviderView.swift */; };
		04F1DBAC26375141009ADAE5 /* Constants.swift in Sources */ = {isa = PBXBuildFile; fileRef = 04F1DBAB26375141009ADAE5 /* Constants.swift */; };
		04F1DBAF263768A6009ADAE5 /* SearchViewModel.swift in Sources */ = {isa = PBXBuildFile; fileRef = 04F1DBAE263768A6009ADAE5 /* SearchViewModel.swift */; };
		2BD4A10A3E16BBE3FB0437B6 /* Pods_WeProvide.framework in Frameworks */ = {isa = PBXBuildFile; fileRef = 3E39F14AE4028F57C3E0770E /* Pods_WeProvide.framework */; };
/* End PBXBuildFile section */

/* Begin PBXFileReference section */
		04674687260C532800B396CB /* WeProvide.app */ = {isa = PBXFileReference; explicitFileType = wrapper.application; includeInIndex = 0; path = WeProvide.app; sourceTree = BUILT_PRODUCTS_DIR; };
		0467468A260C532800B396CB /* AppDelegate.swift */ = {isa = PBXFileReference; lastKnownFileType = sourcecode.swift; path = AppDelegate.swift; sourceTree = "<group>"; };
		0467468C260C532800B396CB /* SceneDelegate.swift */ = {isa = PBXFileReference; lastKnownFileType = sourcecode.swift; path = SceneDelegate.swift; sourceTree = "<group>"; };
		0467468E260C532800B396CB /* ContentView.swift */ = {isa = PBXFileReference; lastKnownFileType = sourcecode.swift; path = ContentView.swift; sourceTree = "<group>"; };
		04674690260C532B00B396CB /* Assets.xcassets */ = {isa = PBXFileReference; lastKnownFileType = folder.assetcatalog; path = Assets.xcassets; sourceTree = "<group>"; };
		04674693260C532B00B396CB /* Preview Assets.xcassets */ = {isa = PBXFileReference; lastKnownFileType = folder.assetcatalog; path = "Preview Assets.xcassets"; sourceTree = "<group>"; };
		04674696260C532B00B396CB /* Base */ = {isa = PBXFileReference; lastKnownFileType = file.storyboard; name = Base; path = Base.lproj/LaunchScreen.storyboard; sourceTree = "<group>"; };
		04674698260C532B00B396CB /* Info.plist */ = {isa = PBXFileReference; lastKnownFileType = text.plist.xml; path = Info.plist; sourceTree = "<group>"; };
		046746A1260C538300B396CB /* LoginView.swift */ = {isa = PBXFileReference; lastKnownFileType = sourcecode.swift; path = LoginView.swift; sourceTree = "<group>"; };
		046746A5260C539900B396CB /* SignupCustomer.swift */ = {isa = PBXFileReference; lastKnownFileType = sourcecode.swift; path = SignupCustomer.swift; sourceTree = "<group>"; };
		046746A8260C53AC00B396CB /* SignupProvider.swift */ = {isa = PBXFileReference; lastKnownFileType = sourcecode.swift; path = SignupProvider.swift; sourceTree = "<group>"; };
		0486C0B3260C5BC200BA6DFE /* GoogleService-Info.plist */ = {isa = PBXFileReference; fileEncoding = 4; lastKnownFileType = text.plist.xml; path = "GoogleService-Info.plist"; sourceTree = "<group>"; };
		0486C0B7260C5C4C00BA6DFE /* CustomTextField.swift */ = {isa = PBXFileReference; lastKnownFileType = sourcecode.swift; path = CustomTextField.swift; sourceTree = "<group>"; };
		0486C0BA260C640A00BA6DFE /* CustomPasswordField.swift */ = {isa = PBXFileReference; lastKnownFileType = sourcecode.swift; path = CustomPasswordField.swift; sourceTree = "<group>"; };
		04AC592F261515BC00D4B78B /* ImagePicker.swift */ = {isa = PBXFileReference; lastKnownFileType = sourcecode.swift; path = ImagePicker.swift; sourceTree = "<group>"; };
		04AC594F2615294E00D4B78B /* AuthModel.swift */ = {isa = PBXFileReference; lastKnownFileType = sourcecode.swift; path = AuthModel.swift; sourceTree = "<group>"; };
		04AC5953261566B400D4B78B /* FeedView.swift */ = {isa = PBXFileReference; lastKnownFileType = sourcecode.swift; path = FeedView.swift; sourceTree = "<group>"; };
		04AC5958261663F900D4B78B /* ProviderListView.swift */ = {isa = PBXFileReference; lastKnownFileType = sourcecode.swift; path = ProviderListView.swift; sourceTree = "<group>"; };
		04AC595B2616685500D4B78B /* ListCell.swift */ = {isa = PBXFileReference; lastKnownFileType = sourcecode.swift; path = ListCell.swift; sourceTree = "<group>"; };
		04AC595E2616861C00D4B78B /* UserProfile.swift */ = {isa = PBXFileReference; lastKnownFileType = sourcecode.swift; path = UserProfile.swift; sourceTree = "<group>"; };
		04AC596226168A1C00D4B78B /* User.swift */ = {isa = PBXFileReference; lastKnownFileType = sourcecode.swift; path = User.swift; sourceTree = "<group>"; };
		04AC597E261FC28D00D4B78B /* Quote.swift */ = {isa = PBXFileReference; lastKnownFileType = sourcecode.swift; path = Quote.swift; sourceTree = "<group>"; };
		04AC5982262663AA00D4B78B /* SelectUserType.swift */ = {isa = PBXFileReference; lastKnownFileType = sourcecode.swift; path = SelectUserType.swift; sourceTree = "<group>"; };
		04F1DB65262917D5009ADAE5 /* CustomCheckBox.swift */ = {isa = PBXFileReference; lastKnownFileType = sourcecode.swift; path = CustomCheckBox.swift; sourceTree = "<group>"; };
		04F1DB6926292178009ADAE5 /* TestCheckbox.swift */ = {isa = PBXFileReference; lastKnownFileType = sourcecode.swift; path = TestCheckbox.swift; sourceTree = "<group>"; };
		04F1DB6D2631D54B009ADAE5 /* ConversationView.swift */ = {isa = PBXFileReference; lastKnownFileType = sourcecode.swift; path = ConversationView.swift; sourceTree = "<group>"; };
		04F1DB712631D558009ADAE5 /* ConversationCell.swift */ = {isa = PBXFileReference; lastKnownFileType = sourcecode.swift; path = ConversationCell.swift; sourceTree = "<group>"; };
		04F1DB742631FDB3009ADAE5 /* SearchView.swift */ = {isa = PBXFileReference; lastKnownFileType = sourcecode.swift; path = SearchView.swift; sourceTree = "<group>"; };
		04F1DB772631FDCD009ADAE5 /* SearchBar.swift */ = {isa = PBXFileReference; lastKnownFileType = sourcecode.swift; path = SearchBar.swift; sourceTree = "<group>"; };
		04F1DB7A26320674009ADAE5 /* UserCell.swift */ = {isa = PBXFileReference; lastKnownFileType = sourcecode.swift; path = UserCell.swift; sourceTree = "<group>"; };
		04F1DB7D26320E1E009ADAE5 /* MessageInputView.swift */ = {isa = PBXFileReference; lastKnownFileType = sourcecode.swift; path = MessageInputView.swift; sourceTree = "<group>"; };
		04F1DB8026321595009ADAE5 /* ChatView.swift */ = {isa = PBXFileReference; lastKnownFileType = sourcecode.swift; path = ChatView.swift; sourceTree = "<group>"; };
		04F1DB8326321762009ADAE5 /* ChatBubble.swift */ = {isa = PBXFileReference; lastKnownFileType = sourcecode.swift; path = ChatBubble.swift; sourceTree = "<group>"; };
		04F1DB862632192E009ADAE5 /* Message.swift */ = {isa = PBXFileReference; lastKnownFileType = sourcecode.swift; path = Message.swift; sourceTree = "<group>"; };
		04F1DB8926324721009ADAE5 /* MessageView.swift */ = {isa = PBXFileReference; lastKnownFileType = sourcecode.swift; path = MessageView.swift; sourceTree = "<group>"; };
		04F1DB8C2632487F009ADAE5 /* NewMessageView.swift */ = {isa = PBXFileReference; lastKnownFileType = sourcecode.swift; path = NewMessageView.swift; sourceTree = "<group>"; };
		04F1DB8F26329D5A009ADAE5 /* FeedProviderView.swift */ = {isa = PBXFileReference; lastKnownFileType = sourcecode.swift; path = FeedProviderView.swift; sourceTree = "<group>"; };
		04F1DBAB26375141009ADAE5 /* Constants.swift */ = {isa = PBXFileReference; lastKnownFileType = sourcecode.swift; path = Constants.swift; sourceTree = "<group>"; };
		04F1DBAE263768A6009ADAE5 /* SearchViewModel.swift */ = {isa = PBXFileReference; lastKnownFileType = sourcecode.swift; path = SearchViewModel.swift; sourceTree = "<group>"; };
		382A459279FFB958C4850D41 /* Pods-WeProvide.debug.xcconfig */ = {isa = PBXFileReference; includeInIndex = 1; lastKnownFileType = text.xcconfig; name = "Pods-WeProvide.debug.xcconfig"; path = "Target Support Files/Pods-WeProvide/Pods-WeProvide.debug.xcconfig"; sourceTree = "<group>"; };
		3E39F14AE4028F57C3E0770E /* Pods_WeProvide.framework */ = {isa = PBXFileReference; explicitFileType = wrapper.framework; includeInIndex = 0; path = Pods_WeProvide.framework; sourceTree = BUILT_PRODUCTS_DIR; };
		3FD2258DF2C0BFD65F939F90 /* Pods-WeProvide.release.xcconfig */ = {isa = PBXFileReference; includeInIndex = 1; lastKnownFileType = text.xcconfig; name = "Pods-WeProvide.release.xcconfig"; path = "Target Support Files/Pods-WeProvide/Pods-WeProvide.release.xcconfig"; sourceTree = "<group>"; };
/* End PBXFileReference section */

/* Begin PBXFrameworksBuildPhase section */
		04674684260C532800B396CB /* Frameworks */ = {
			isa = PBXFrameworksBuildPhase;
			buildActionMask = 2147483647;
			files = (
				2BD4A10A3E16BBE3FB0437B6 /* Pods_WeProvide.framework in Frameworks */,
			);
			runOnlyForDeploymentPostprocessing = 0;
		};
/* End PBXFrameworksBuildPhase section */

/* Begin PBXGroup section */
		0467467E260C532800B396CB = {
			isa = PBXGroup;
			children = (
				04674689260C532800B396CB /* WeProvide */,
				04674688260C532800B396CB /* Products */,
				748AD2393864665DAAB9C87C /* Pods */,
				CCA3546C33A39431E434B5FD /* Frameworks */,
			);
			sourceTree = "<group>";
		};
		04674688260C532800B396CB /* Products */ = {
			isa = PBXGroup;
			children = (
				04674687260C532800B396CB /* WeProvide.app */,
			);
			name = Products;
			sourceTree = "<group>";
		};
		04674689260C532800B396CB /* WeProvide */ = {
			isa = PBXGroup;
			children = (
				04AC5961261689F200D4B78B /* Model */,
				04AC594E2615293C00D4B78B /* ViewModel */,
				0486C0B6260C5C2F00BA6DFE /* Utils */,
				0467469F260C535E00B396CB /* Views */,
				0467468A260C532800B396CB /* AppDelegate.swift */,
				0467468C260C532800B396CB /* SceneDelegate.swift */,
				04674690260C532B00B396CB /* Assets.xcassets */,
				04674695260C532B00B396CB /* LaunchScreen.storyboard */,
				0486C0B3260C5BC200BA6DFE /* GoogleService-Info.plist */,
				04674698260C532B00B396CB /* Info.plist */,
				04674692260C532B00B396CB /* Preview Content */,
			);
			path = WeProvide;
			sourceTree = "<group>";
		};
		04674692260C532B00B396CB /* Preview Content */ = {
			isa = PBXGroup;
			children = (
				04674693260C532B00B396CB /* Preview Assets.xcassets */,
			);
			path = "Preview Content";
			sourceTree = "<group>";
		};
		0467469F260C535E00B396CB /* Views */ = {
			isa = PBXGroup;
			children = (
				04F1DB6C2631D516009ADAE5 /* ChatFramework */,
				04AC59522615669800D4B78B /* User */,
				04AC59322615242F00D4B78B /* ProviderList */,
				046746A0260C536D00B396CB /* Authentication */,
				0467468E260C532800B396CB /* ContentView.swift */,
			);
			path = Views;
			sourceTree = "<group>";
		};
		046746A0260C536D00B396CB /* Authentication */ = {
			isa = PBXGroup;
			children = (
				046746A1260C538300B396CB /* LoginView.swift */,
				046746A5260C539900B396CB /* SignupCustomer.swift */,
				046746A8260C53AC00B396CB /* SignupProvider.swift */,
				04AC5982262663AA00D4B78B /* SelectUserType.swift */,
			);
			path = Authentication;
			sourceTree = "<group>";
		};
		0486C0B6260C5C2F00BA6DFE /* Utils */ = {
			isa = PBXGroup;
			children = (
				04AC592E2615159E00D4B78B /* Views */,
				0486C0B7260C5C4C00BA6DFE /* CustomTextField.swift */,
				04F1DB65262917D5009ADAE5 /* CustomCheckBox.swift */,
				0486C0BA260C640A00BA6DFE /* CustomPasswordField.swift */,
				04F1DB6926292178009ADAE5 /* TestCheckbox.swift */,
				04F1DBAB26375141009ADAE5 /* Constants.swift */,
			);
			path = Utils;
			sourceTree = "<group>";
		};
		04AC592E2615159E00D4B78B /* Views */ = {
			isa = PBXGroup;
			children = (
				04AC592F261515BC00D4B78B /* ImagePicker.swift */,
			);
			path = Views;
			sourceTree = "<group>";
		};
		04AC59322615242F00D4B78B /* ProviderList */ = {
			isa = PBXGroup;
			children = (
				04AC5958261663F900D4B78B /* ProviderListView.swift */,
				04AC595B2616685500D4B78B /* ListCell.swift */,
			);
			path = ProviderList;
			sourceTree = "<group>";
		};
		04AC594E2615293C00D4B78B /* ViewModel */ = {
			isa = PBXGroup;
			children = (
				04AC594F2615294E00D4B78B /* AuthModel.swift */,
				04F1DBAE263768A6009ADAE5 /* SearchViewModel.swift */,
			);
			path = ViewModel;
			sourceTree = "<group>";
		};
		04AC59522615669800D4B78B /* User */ = {
			isa = PBXGroup;
			children = (
				04AC5953261566B400D4B78B /* FeedView.swift */,
				04AC595E2616861C00D4B78B /* UserProfile.swift */,
				04AC597E261FC28D00D4B78B /* Quote.swift */,
				04F1DB8F26329D5A009ADAE5 /* FeedProviderView.swift */,
			);
			path = User;
			sourceTree = "<group>";
		};
		04AC5961261689F200D4B78B /* Model */ = {
			isa = PBXGroup;
			children = (
				04AC596226168A1C00D4B78B /* User.swift */,
				04F1DB862632192E009ADAE5 /* Message.swift */,
			);
			path = Model;
			sourceTree = "<group>";
		};
		04F1DB6C2631D516009ADAE5 /* ChatFramework */ = {
			isa = PBXGroup;
			children = (
				04F1DB6D2631D54B009ADAE5 /* ConversationView.swift */,
				04F1DB712631D558009ADAE5 /* ConversationCell.swift */,
				04F1DB742631FDB3009ADAE5 /* SearchView.swift */,
				04F1DB772631FDCD009ADAE5 /* SearchBar.swift */,
				04F1DB7A26320674009ADAE5 /* UserCell.swift */,
				04F1DB7D26320E1E009ADAE5 /* MessageInputView.swift */,
				04F1DB8026321595009ADAE5 /* ChatView.swift */,
				04F1DB8326321762009ADAE5 /* ChatBubble.swift */,
				04F1DB8926324721009ADAE5 /* MessageView.swift */,
				04F1DB8C2632487F009ADAE5 /* NewMessageView.swift */,
			);
			path = ChatFramework;
			sourceTree = "<group>";
		};
		748AD2393864665DAAB9C87C /* Pods */ = {
			isa = PBXGroup;
			children = (
				382A459279FFB958C4850D41 /* Pods-WeProvide.debug.xcconfig */,
				3FD2258DF2C0BFD65F939F90 /* Pods-WeProvide.release.xcconfig */,
			);
			path = Pods;
			sourceTree = "<group>";
		};
		CCA3546C33A39431E434B5FD /* Frameworks */ = {
			isa = PBXGroup;
			children = (
				3E39F14AE4028F57C3E0770E /* Pods_WeProvide.framework */,
			);
			name = Frameworks;
			sourceTree = "<group>";
		};
/* End PBXGroup section */

/* Begin PBXNativeTarget section */
		04674686260C532800B396CB /* WeProvide */ = {
			isa = PBXNativeTarget;
			buildConfigurationList = 0467469B260C532B00B396CB /* Build configuration list for PBXNativeTarget "WeProvide" */;
			buildPhases = (
				981F5AEE336239D18BF3EBE4 /* [CP] Check Pods Manifest.lock */,
				04674683260C532800B396CB /* Sources */,
				04674684260C532800B396CB /* Frameworks */,
				04674685260C532800B396CB /* Resources */,
				37AB210F0D92675FD43729C1 /* [CP] Embed Pods Frameworks */,
				BD986557641426620671EA5F /* [CP] Copy Pods Resources */,
			);
			buildRules = (
			);
			dependencies = (
			);
			name = WeProvide;
			productName = WeProvide;
			productReference = 04674687260C532800B396CB /* WeProvide.app */;
			productType = "com.apple.product-type.application";
		};
/* End PBXNativeTarget section */

/* Begin PBXProject section */
		0467467F260C532800B396CB /* Project object */ = {
			isa = PBXProject;
			attributes = {
				LastSwiftUpdateCheck = 1240;
				LastUpgradeCheck = 1240;
				TargetAttributes = {
					04674686260C532800B396CB = {
						CreatedOnToolsVersion = 12.4;
					};
				};
			};
			buildConfigurationList = 04674682260C532800B396CB /* Build configuration list for PBXProject "WeProvide" */;
			compatibilityVersion = "Xcode 9.3";
			developmentRegion = en;
			hasScannedForEncodings = 0;
			knownRegions = (
				en,
				Base,
			);
			mainGroup = 0467467E260C532800B396CB;
			productRefGroup = 04674688260C532800B396CB /* Products */;
			projectDirPath = "";
			projectRoot = "";
			targets = (
				04674686260C532800B396CB /* WeProvide */,
			);
		};
/* End PBXProject section */

/* Begin PBXResourcesBuildPhase section */
		04674685260C532800B396CB /* Resources */ = {
			isa = PBXResourcesBuildPhase;
			buildActionMask = 2147483647;
			files = (
				04674697260C532B00B396CB /* LaunchScreen.storyboard in Resources */,
				0486C0B4260C5BC200BA6DFE /* GoogleService-Info.plist in Resources */,
				04674694260C532B00B396CB /* Preview Assets.xcassets in Resources */,
				04674691260C532B00B396CB /* Assets.xcassets in Resources */,
			);
			runOnlyForDeploymentPostprocessing = 0;
		};
/* End PBXResourcesBuildPhase section */

/* Begin PBXShellScriptBuildPhase section */
		37AB210F0D92675FD43729C1 /* [CP] Embed Pods Frameworks */ = {
			isa = PBXShellScriptBuildPhase;
			buildActionMask = 2147483647;
			files = (
			);
			inputFileListPaths = (
				"${PODS_ROOT}/Target Support Files/Pods-WeProvide/Pods-WeProvide-frameworks-${CONFIGURATION}-input-files.xcfilelist",
			);
			name = "[CP] Embed Pods Frameworks";
			outputFileListPaths = (
				"${PODS_ROOT}/Target Support Files/Pods-WeProvide/Pods-WeProvide-frameworks-${CONFIGURATION}-output-files.xcfilelist",
			);
			runOnlyForDeploymentPostprocessing = 0;
			shellPath = /bin/sh;
			shellScript = "\"${PODS_ROOT}/Target Support Files/Pods-WeProvide/Pods-WeProvide-frameworks.sh\"\n";
			showEnvVarsInLog = 0;
		};
		981F5AEE336239D18BF3EBE4 /* [CP] Check Pods Manifest.lock */ = {
			isa = PBXShellScriptBuildPhase;
			buildActionMask = 2147483647;
			files = (
			);
			inputFileListPaths = (
			);
			inputPaths = (
				"${PODS_PODFILE_DIR_PATH}/Podfile.lock",
				"${PODS_ROOT}/Manifest.lock",
			);
			name = "[CP] Check Pods Manifest.lock";
			outputFileListPaths = (
			);
			outputPaths = (
				"$(DERIVED_FILE_DIR)/Pods-WeProvide-checkManifestLockResult.txt",
			);
			runOnlyForDeploymentPostprocessing = 0;
			shellPath = /bin/sh;
			shellScript = "diff \"${PODS_PODFILE_DIR_PATH}/Podfile.lock\" \"${PODS_ROOT}/Manifest.lock\" > /dev/null\nif [ $? != 0 ] ; then\n    # print error to STDERR\n    echo \"error: The sandbox is not in sync with the Podfile.lock. Run 'pod install' or update your CocoaPods installation.\" >&2\n    exit 1\nfi\n# This output is used by Xcode 'outputs' to avoid re-running this script phase.\necho \"SUCCESS\" > \"${SCRIPT_OUTPUT_FILE_0}\"\n";
			showEnvVarsInLog = 0;
		};
		BD986557641426620671EA5F /* [CP] Copy Pods Resources */ = {
			isa = PBXShellScriptBuildPhase;
			buildActionMask = 2147483647;
			files = (
			);
			inputFileListPaths = (
				"${PODS_ROOT}/Target Support Files/Pods-WeProvide/Pods-WeProvide-resources-${CONFIGURATION}-input-files.xcfilelist",
			);
			name = "[CP] Copy Pods Resources";
			outputFileListPaths = (
				"${PODS_ROOT}/Target Support Files/Pods-WeProvide/Pods-WeProvide-resources-${CONFIGURATION}-output-files.xcfilelist",
			);
			runOnlyForDeploymentPostprocessing = 0;
			shellPath = /bin/sh;
			shellScript = "\"${PODS_ROOT}/Target Support Files/Pods-WeProvide/Pods-WeProvide-resources.sh\"\n";
			showEnvVarsInLog = 0;
		};
/* End PBXShellScriptBuildPhase section */

/* Begin PBXSourcesBuildPhase section */
		04674683260C532800B396CB /* Sources */ = {
			isa = PBXSourcesBuildPhase;
			buildActionMask = 2147483647;
			files = (
				04F1DBAF263768A6009ADAE5 /* SearchViewModel.swift in Sources */,
				0486C0B8260C5C4C00BA6DFE /* CustomTextField.swift in Sources */,
				046746A6260C539900B396CB /* SignupCustomer.swift in Sources */,
				04F1DB8A26324721009ADAE5 /* MessageView.swift in Sources */,
				04AC595F2616861D00D4B78B /* UserProfile.swift in Sources */,
				0467468B260C532800B396CB /* AppDelegate.swift in Sources */,
				04AC597F261FC28D00D4B78B /* Quote.swift in Sources */,
				04AC5954261566B400D4B78B /* FeedView.swift in Sources */,
				04F1DBAC26375141009ADAE5 /* Constants.swift in Sources */,
				04F1DB8126321595009ADAE5 /* ChatView.swift in Sources */,
				04F1DB6A26292178009ADAE5 /* TestCheckbox.swift in Sources */,
				04F1DB8D2632487F009ADAE5 /* NewMessageView.swift in Sources */,
				04AC5930261515BC00D4B78B /* ImagePicker.swift in Sources */,
				04F1DB7B26320674009ADAE5 /* UserCell.swift in Sources */,
				04AC595C2616685500D4B78B /* ListCell.swift in Sources */,
				046746A9260C53AC00B396CB /* SignupProvider.swift in Sources */,
				04F1DB752631FDB3009ADAE5 /* SearchView.swift in Sources */,
				04F1DB872632192E009ADAE5 /* Message.swift in Sources */,
				04AC596326168A1C00D4B78B /* User.swift in Sources */,
				0467468D260C532800B396CB /* SceneDelegate.swift in Sources */,
				04AC5983262663AA00D4B78B /* SelectUserType.swift in Sources */,
				04F1DB9026329D5A009ADAE5 /* FeedProviderView.swift in Sources */,
				04F1DB8426321762009ADAE5 /* ChatBubble.swift in Sources */,
				046746A2260C538300B396CB /* LoginView.swift in Sources */,
				0486C0BB260C640A00BA6DFE /* CustomPasswordField.swift in Sources */,
				04F1DB782631FDCD009ADAE5 /* SearchBar.swift in Sources */,
				0467468F260C532800B396CB /* ContentView.swift in Sources */,
				04AC59502615294E00D4B78B /* AuthModel.swift in Sources */,
				04AC5959261663F900D4B78B /* ProviderListView.swift in Sources */,
				04F1DB7E26320E1E009ADAE5 /* MessageInputView.swift in Sources */,
				04F1DB66262917D5009ADAE5 /* CustomCheckBox.swift in Sources */,
				04F1DB6E2631D54B009ADAE5 /* ConversationView.swift in Sources */,
				04F1DB722631D558009ADAE5 /* ConversationCell.swift in Sources */,
			);
			runOnlyForDeploymentPostprocessing = 0;
		};
/* End PBXSourcesBuildPhase section */

/* Begin PBXVariantGroup section */
		04674695260C532B00B396CB /* LaunchScreen.storyboard */ = {
			isa = PBXVariantGroup;
			children = (
				04674696260C532B00B396CB /* Base */,
			);
			name = LaunchScreen.storyboard;
			sourceTree = "<group>";
		};
/* End PBXVariantGroup section */

/* Begin XCBuildConfiguration section */
		04674699260C532B00B396CB /* Debug */ = {
			isa = XCBuildConfiguration;
			buildSettings = {
				ALWAYS_SEARCH_USER_PATHS = NO;
				CLANG_ANALYZER_NONNULL = YES;
				CLANG_ANALYZER_NUMBER_OBJECT_CONVERSION = YES_AGGRESSIVE;
				CLANG_CXX_LANGUAGE_STANDARD = "gnu++14";
				CLANG_CXX_LIBRARY = "libc++";
				CLANG_ENABLE_MODULES = YES;
				CLANG_ENABLE_OBJC_ARC = YES;
				CLANG_ENABLE_OBJC_WEAK = YES;
				CLANG_WARN_BLOCK_CAPTURE_AUTORELEASING = YES;
				CLANG_WARN_BOOL_CONVERSION = YES;
				CLANG_WARN_COMMA = YES;
				CLANG_WARN_CONSTANT_CONVERSION = YES;
				CLANG_WARN_DEPRECATED_OBJC_IMPLEMENTATIONS = YES;
				CLANG_WARN_DIRECT_OBJC_ISA_USAGE = YES_ERROR;
				CLANG_WARN_DOCUMENTATION_COMMENTS = YES;
				CLANG_WARN_EMPTY_BODY = YES;
				CLANG_WARN_ENUM_CONVERSION = YES;
				CLANG_WARN_INFINITE_RECURSION = YES;
				CLANG_WARN_INT_CONVERSION = YES;
				CLANG_WARN_NON_LITERAL_NULL_CONVERSION = YES;
				CLANG_WARN_OBJC_IMPLICIT_RETAIN_SELF = YES;
				CLANG_WARN_OBJC_LITERAL_CONVERSION = YES;
				CLANG_WARN_OBJC_ROOT_CLASS = YES_ERROR;
				CLANG_WARN_QUOTED_INCLUDE_IN_FRAMEWORK_HEADER = YES;
				CLANG_WARN_RANGE_LOOP_ANALYSIS = YES;
				CLANG_WARN_STRICT_PROTOTYPES = YES;
				CLANG_WARN_SUSPICIOUS_MOVE = YES;
				CLANG_WARN_UNGUARDED_AVAILABILITY = YES_AGGRESSIVE;
				CLANG_WARN_UNREACHABLE_CODE = YES;
				CLANG_WARN__DUPLICATE_METHOD_MATCH = YES;
				COPY_PHASE_STRIP = NO;
				DEBUG_INFORMATION_FORMAT = dwarf;
				ENABLE_STRICT_OBJC_MSGSEND = YES;
				ENABLE_TESTABILITY = YES;
				GCC_C_LANGUAGE_STANDARD = gnu11;
				GCC_DYNAMIC_NO_PIC = NO;
				GCC_NO_COMMON_BLOCKS = YES;
				GCC_OPTIMIZATION_LEVEL = 0;
				GCC_PREPROCESSOR_DEFINITIONS = (
					"DEBUG=1",
					"$(inherited)",
				);
				GCC_WARN_64_TO_32_BIT_CONVERSION = YES;
				GCC_WARN_ABOUT_RETURN_TYPE = YES_ERROR;
				GCC_WARN_UNDECLARED_SELECTOR = YES;
				GCC_WARN_UNINITIALIZED_AUTOS = YES_AGGRESSIVE;
				GCC_WARN_UNUSED_FUNCTION = YES;
				GCC_WARN_UNUSED_VARIABLE = YES;
				IPHONEOS_DEPLOYMENT_TARGET = 14.4;
				MTL_ENABLE_DEBUG_INFO = INCLUDE_SOURCE;
				MTL_FAST_MATH = YES;
				ONLY_ACTIVE_ARCH = YES;
				SDKROOT = iphoneos;
				SWIFT_ACTIVE_COMPILATION_CONDITIONS = DEBUG;
				SWIFT_OPTIMIZATION_LEVEL = "-Onone";
			};
			name = Debug;
		};
		0467469A260C532B00B396CB /* Release */ = {
			isa = XCBuildConfiguration;
			buildSettings = {
				ALWAYS_SEARCH_USER_PATHS = NO;
				CLANG_ANALYZER_NONNULL = YES;
				CLANG_ANALYZER_NUMBER_OBJECT_CONVERSION = YES_AGGRESSIVE;
				CLANG_CXX_LANGUAGE_STANDARD = "gnu++14";
				CLANG_CXX_LIBRARY = "libc++";
				CLANG_ENABLE_MODULES = YES;
				CLANG_ENABLE_OBJC_ARC = YES;
				CLANG_ENABLE_OBJC_WEAK = YES;
				CLANG_WARN_BLOCK_CAPTURE_AUTORELEASING = YES;
				CLANG_WARN_BOOL_CONVERSION = YES;
				CLANG_WARN_COMMA = YES;
				CLANG_WARN_CONSTANT_CONVERSION = YES;
				CLANG_WARN_DEPRECATED_OBJC_IMPLEMENTATIONS = YES;
				CLANG_WARN_DIRECT_OBJC_ISA_USAGE = YES_ERROR;
				CLANG_WARN_DOCUMENTATION_COMMENTS = YES;
				CLANG_WARN_EMPTY_BODY = YES;
				CLANG_WARN_ENUM_CONVERSION = YES;
				CLANG_WARN_INFINITE_RECURSION = YES;
				CLANG_WARN_INT_CONVERSION = YES;
				CLANG_WARN_NON_LITERAL_NULL_CONVERSION = YES;
				CLANG_WARN_OBJC_IMPLICIT_RETAIN_SELF = YES;
				CLANG_WARN_OBJC_LITERAL_CONVERSION = YES;
				CLANG_WARN_OBJC_ROOT_CLASS = YES_ERROR;
				CLANG_WARN_QUOTED_INCLUDE_IN_FRAMEWORK_HEADER = YES;
				CLANG_WARN_RANGE_LOOP_ANALYSIS = YES;
				CLANG_WARN_STRICT_PROTOTYPES = YES;
				CLANG_WARN_SUSPICIOUS_MOVE = YES;
				CLANG_WARN_UNGUARDED_AVAILABILITY = YES_AGGRESSIVE;
				CLANG_WARN_UNREACHABLE_CODE = YES;
				CLANG_WARN__DUPLICATE_METHOD_MATCH = YES;
				COPY_PHASE_STRIP = NO;
				DEBUG_INFORMATION_FORMAT = "dwarf-with-dsym";
				ENABLE_NS_ASSERTIONS = NO;
				ENABLE_STRICT_OBJC_MSGSEND = YES;
				GCC_C_LANGUAGE_STANDARD = gnu11;
				GCC_NO_COMMON_BLOCKS = YES;
				GCC_WARN_64_TO_32_BIT_CONVERSION = YES;
				GCC_WARN_ABOUT_RETURN_TYPE = YES_ERROR;
				GCC_WARN_UNDECLARED_SELECTOR = YES;
				GCC_WARN_UNINITIALIZED_AUTOS = YES_AGGRESSIVE;
				GCC_WARN_UNUSED_FUNCTION = YES;
				GCC_WARN_UNUSED_VARIABLE = YES;
				IPHONEOS_DEPLOYMENT_TARGET = 14.4;
				MTL_ENABLE_DEBUG_INFO = NO;
				MTL_FAST_MATH = YES;
				SDKROOT = iphoneos;
				SWIFT_COMPILATION_MODE = wholemodule;
				SWIFT_OPTIMIZATION_LEVEL = "-O";
				VALIDATE_PRODUCT = YES;
			};
			name = Release;
		};
		0467469C260C532B00B396CB /* Debug */ = {
			isa = XCBuildConfiguration;
			baseConfigurationReference = 382A459279FFB958C4850D41 /* Pods-WeProvide.debug.xcconfig */;
			buildSettings = {
				ASSETCATALOG_COMPILER_APPICON_NAME = AppIcon;
				ASSETCATALOG_COMPILER_GLOBAL_ACCENT_COLOR_NAME = AccentColor;
				CODE_SIGN_STYLE = Automatic;
				DEVELOPMENT_ASSET_PATHS = "\"WeProvide/Preview Content\"";
				ENABLE_PREVIEWS = YES;
				INFOPLIST_FILE = WeProvide/Info.plist;
				LD_RUNPATH_SEARCH_PATHS = (
					"$(inherited)",
					"@executable_path/Frameworks",
				);
				PRODUCT_BUNDLE_IDENTIFIER = mihir.WeProvide;
				PRODUCT_NAME = "$(TARGET_NAME)";
				SWIFT_VERSION = 5.0;
				TARGETED_DEVICE_FAMILY = "1,2";
			};
			name = Debug;
		};
		0467469D260C532B00B396CB /* Release */ = {
			isa = XCBuildConfiguration;
			baseConfigurationReference = 3FD2258DF2C0BFD65F939F90 /* Pods-WeProvide.release.xcconfig */;
			buildSettings = {
				ASSETCATALOG_COMPILER_APPICON_NAME = AppIcon;
				ASSETCATALOG_COMPILER_GLOBAL_ACCENT_COLOR_NAME = AccentColor;
				CODE_SIGN_STYLE = Automatic;
				DEVELOPMENT_ASSET_PATHS = "\"WeProvide/Preview Content\"";
				ENABLE_PREVIEWS = YES;
				INFOPLIST_FILE = WeProvide/Info.plist;
				LD_RUNPATH_SEARCH_PATHS = (
					"$(inherited)",
					"@executable_path/Frameworks",
				);
				PRODUCT_BUNDLE_IDENTIFIER = mihir.WeProvide;
				PRODUCT_NAME = "$(TARGET_NAME)";
				SWIFT_VERSION = 5.0;
				TARGETED_DEVICE_FAMILY = "1,2";
			};
			name = Release;
		};
/* End XCBuildConfiguration section */

/* Begin XCConfigurationList section */
		04674682260C532800B396CB /* Build configuration list for PBXProject "WeProvide" */ = {
			isa = XCConfigurationList;
			buildConfigurations = (
				04674699260C532B00B396CB /* Debug */,
				0467469A260C532B00B396CB /* Release */,
			);
			defaultConfigurationIsVisible = 0;
			defaultConfigurationName = Release;
		};
		0467469B260C532B00B396CB /* Build configuration list for PBXNativeTarget "WeProvide" */ = {
			isa = XCConfigurationList;
			buildConfigurations = (
				0467469C260C532B00B396CB /* Debug */,
				0467469D260C532B00B396CB /* Release */,
			);
			defaultConfigurationIsVisible = 0;
			defaultConfigurationName = Release;
		};
/* End XCConfigurationList section */
	};
	rootObject = 0467467F260C532800B396CB /* Project object */;
}
